
Microsoft Visual Studio Solution File, Format Version 12.00
# Visual Studio 15
VisualStudioVersion = 15.0.28307.102
MinimumVisualStudioVersion = 10.0.40219.1
Project("{FAE04EC0-301F-11D3-BF4B-00C04F79EFBC}") = "OnlineShoppingStore.Domain", "OnlineShoppingStore.Domain\OnlineShoppingStore.Domain.csproj", "{8C0AADBB-9DA8-4A60-8CE3-F675DF369704}"
EndProject
Project("{FAE04EC0-301F-11D3-BF4B-00C04F79EFBC}") = "OnlineShoppingStore.WebUI", "OnlineShoppingStore.WebUI\OnlineShoppingStore.WebUI.csproj", "{A426AD83-B9C5-49AD-BDCE-3AE91ED1D2F6}"
EndProject
Global
	GlobalSection(SolutionConfigurationPlatforms) = preSolution
		Debug|Any CPU = Debug|Any CPU
		Release|Any CPU = Release|Any CPU
	EndGlobalSection
	GlobalSection(ProjectConfigurationPlatforms) = postSolution
		{8C0AADBB-9DA8-4A60-8CE3-F675DF369704}.Debug|Any CPU.ActiveCfg = Debug|Any CPU
		{8C0AADBB-9DA8-4A60-8CE3-F675DF369704}.Debug|Any CPU.Build.0 = Debug|Any CPU
		{8C0AADBB-9DA8-4A60-8CE3-F675DF369704}.Release|Any CPU.ActiveCfg = Release|Any CPU
		{8C0AADBB-9DA8-4A60-8CE3-F675DF369704}.Release|Any CPU.Build.0 = Release|Any CPU
		{A426AD83-B9C5-49AD-BDCE-3AE91ED1D2F6}.Debug|Any CPU.ActiveCfg = Debug|Any CPU
		{A426AD83-B9C5-49AD-BDCE-3AE91ED1D2F6}.Debug|Any CPU.Build.0 = Debug|Any CPU
		{A426AD83-B9C5-49AD-BDCE-3AE91ED1D2F6}.Release|Any CPU.ActiveCfg = Release|Any CPU
		{A426AD83-B9C5-49AD-BDCE-3AE91ED1D2F6}.Release|Any CPU.Build.0 = Release|Any CPU
	EndGlobalSection
	GlobalSection(SolutionProperties) = preSolution
		HideSolutionNode = FALSE
	EndGlobalSection
	GlobalSection(ExtensibilityGlobals) = postSolution
		SolutionGuid = {3D6B653A-252C-4262-A5E8-D8AE815DAB85}
	EndGlobalSection
EndGlobal
